
Microsoft Visual Studio Solution File, Format Version 12.00
# Visual Studio Version 17
VisualStudioVersion = 17.5.33530.505
MinimumVisualStudioVersion = 10.0.40219.1
Project("{FAE04EC0-301F-11D3-BF4B-00C04F79EFBC}") = "BB203_PUBG", "BB203_PUBG\BB203_PUBG.csproj", "{B1C2C3A4-74E5-43F6-B41C-6D26CF189D9A}"
EndProject
Global
	GlobalSection(SolutionConfigurationPlatforms) = preSolution
		Debug|Any CPU = Debug|Any CPU
		Release|Any CPU = Release|Any CPU
	EndGlobalSection
	GlobalSection(ProjectConfigurationPlatforms) = postSolution
		{B1C2C3A4-74E5-43F6-B41C-6D26CF189D9A}.Debug|Any CPU.ActiveCfg = Debug|Any CPU
		{B1C2C3A4-74E5-43F6-B41C-6D26CF189D9A}.Debug|Any CPU.Build.0 = Debug|Any CPU
		{B1C2C3A4-74E5-43F6-B41C-6D26CF189D9A}.Release|Any CPU.ActiveCfg = Release|Any CPU
		{B1C2C3A4-74E5-43F6-B41C-6D26CF189D9A}.Release|Any CPU.Build.0 = Release|Any CPU
	EndGlobalSection
	GlobalSection(SolutionProperties) = preSolution
		HideSolutionNode = FALSE
	EndGlobalSection
	GlobalSection(ExtensibilityGlobals) = postSolution
		SolutionGuid = {FECF20F9-25B0-4F14-9874-73D1D58C8968}
	EndGlobalSection
EndGlobal
