
Microsoft Visual Studio Solution File, Format Version 12.00
# Visual Studio Version 17
VisualStudioVersion = 17.5.33530.505
MinimumVisualStudioVersion = 10.0.40219.1
Project("{FAE04EC0-301F-11D3-BF4B-00C04F79EFBC}") = "FirstApiProject", "FirstApiProject\FirstApiProject.csproj", "{4C175643-288B-42A9-9546-9B838E96D320}"
EndProject
Global
	GlobalSection(SolutionConfigurationPlatforms) = preSolution
		Debug|Any CPU = Debug|Any CPU
		Release|Any CPU = Release|Any CPU
	EndGlobalSection
	GlobalSection(ProjectConfigurationPlatforms) = postSolution
		{4C175643-288B-42A9-9546-9B838E96D320}.Debug|Any CPU.ActiveCfg = Debug|Any CPU
		{4C175643-288B-42A9-9546-9B838E96D320}.Debug|Any CPU.Build.0 = Debug|Any CPU
		{4C175643-288B-42A9-9546-9B838E96D320}.Release|Any CPU.ActiveCfg = Release|Any CPU
		{4C175643-288B-42A9-9546-9B838E96D320}.Release|Any CPU.Build.0 = Release|Any CPU
	EndGlobalSection
	GlobalSection(SolutionProperties) = preSolution
		HideSolutionNode = FALSE
	EndGlobalSection
	GlobalSection(ExtensibilityGlobals) = postSolution
		SolutionGuid = {9698D1FB-8C00-4A93-A51B-55610DD6EB6F}
	EndGlobalSection
EndGlobal
