
Microsoft Visual Studio Solution File, Format Version 12.00
# Visual Studio Version 17
VisualStudioVersion = 17.5.33530.505
MinimumVisualStudioVersion = 10.0.40219.1
Project("{FAE04EC0-301F-11D3-BF4B-00C04F79EFBC}") = "WebApplication1", "WebApplication1\WebApplication1.csproj", "{54F7443A-730A-4353-A3C3-34F21FB7E96F}"
EndProject
Global
	GlobalSection(SolutionConfigurationPlatforms) = preSolution
		Debug|Any CPU = Debug|Any CPU
		Release|Any CPU = Release|Any CPU
	EndGlobalSection
	GlobalSection(ProjectConfigurationPlatforms) = postSolution
		{54F7443A-730A-4353-A3C3-34F21FB7E96F}.Debug|Any CPU.ActiveCfg = Debug|Any CPU
		{54F7443A-730A-4353-A3C3-34F21FB7E96F}.Debug|Any CPU.Build.0 = Debug|Any CPU
		{54F7443A-730A-4353-A3C3-34F21FB7E96F}.Release|Any CPU.ActiveCfg = Release|Any CPU
		{54F7443A-730A-4353-A3C3-34F21FB7E96F}.Release|Any CPU.Build.0 = Release|Any CPU
	EndGlobalSection
	GlobalSection(SolutionProperties) = preSolution
		HideSolutionNode = FALSE
	EndGlobalSection
	GlobalSection(ExtensibilityGlobals) = postSolution
		SolutionGuid = {2AFCBB02-5BDD-4C89-8D0D-B9864EDB0EAD}
	EndGlobalSection
EndGlobal
